{
  "name": "bitnacle-io",
  "version": "1.0.0-alpha",
  "lockfileVersion": 1,
  "requires": true,
  "dependencies": {
    "bitnacle-express": {
      "version": "1.0.1-beta",
      "resolved": "https://registry.npmjs.org/bitnacle-express/-/bitnacle-express-1.0.1-beta.tgz",
      "integrity": "sha512-qw79oXxqys/uQffTTT3mpcCatklXxN3j/KOULaJOBQ+f+S6UviWQMc6t82KEkKxcTOI3EGfSR7FtGQfDDDcDWQ==",
      "requires": {
        "bitnacle-helpers": "^1.0.0-beta"
      }
    },
    "bitnacle-helpers": {
      "version": "1.0.0-beta",
      "resolved": "https://registry.npmjs.org/bitnacle-helpers/-/bitnacle-helpers-1.0.0-beta.tgz",
      "integrity": "sha512-a/cJbND54gfxyssTI5cxI1hE7M6fPrtjP/ghHsv73vv+A43cYPxAVtS5yGfDAk3qvjnQBV+UH7xk1ylvsTQYqA=="
    }
  }
}
